{
  "name": "payment-service",
  "version": "1.0.0",
  "lockfileVersion": 3,
  "requires": true,
  "packages": {
    "": {
      "name": "payment-service",
      "version": "1.0.0",
      "license": "ISC",
      "dependencies": {
        "kafkajs": "^2.2.1"
      }
    },
    "node_modules/kafkajs": {
      "version": "2.2.1",
      "resolved": "https://registry.npmjs.org/kafkajs/-/kafkajs-2.2.1.tgz",
      "integrity": "sha512-f3a4TDeBx0TMIqAnSob64lE4oMOSFDjoycOHzyxISpOzPw5GT2AyX6ibfyUPpt5nTxwGkJSFRxPpidNTd/Uz9Q==",
      "license": "MIT",
      "engines": {
        "node": ">=14.0.0"
      }
    }
  }
}
